
Microsoft Visual Studio Solution File, Format Version 12.00
# Visual Studio Version 17
VisualStudioVersion = 17.6.33801.468
MinimumVisualStudioVersion = 10.0.40219.1
Project("{FAE04EC0-301F-11D3-BF4B-00C04F79EFBC}") = "BankOOPApp", "BankOOPApp.csproj", "{1718B697-8F19-45F5-98DA-77280A16079E}"
EndProject
Global
	GlobalSection(SolutionConfigurationPlatforms) = preSolution
		Debug|Any CPU = Debug|Any CPU
		Release|Any CPU = Release|Any CPU
	EndGlobalSection
	GlobalSection(ProjectConfigurationPlatforms) = postSolution
		{1718B697-8F19-45F5-98DA-77280A16079E}.Debug|Any CPU.ActiveCfg = Debug|Any CPU
		{1718B697-8F19-45F5-98DA-77280A16079E}.Debug|Any CPU.Build.0 = Debug|Any CPU
		{1718B697-8F19-45F5-98DA-77280A16079E}.Release|Any CPU.ActiveCfg = Release|Any CPU
		{1718B697-8F19-45F5-98DA-77280A16079E}.Release|Any CPU.Build.0 = Release|Any CPU
	EndGlobalSection
	GlobalSection(SolutionProperties) = preSolution
		HideSolutionNode = FALSE
	EndGlobalSection
	GlobalSection(ExtensibilityGlobals) = postSolution
		SolutionGuid = {4CC390F9-BE25-4CFD-93BA-D8272E7AAF79}
	EndGlobalSection
EndGlobal
